
Microsoft Visual Studio Solution File, Format Version 12.00
# Visual Studio Version 17
VisualStudioVersion = 17.14.36310.24 d17.14
MinimumVisualStudioVersion = 10.0.40219.1
Project("{FAE04EC0-301F-11D3-BF4B-00C04F79EFBC}") = "WorkerFromRabbit", "WorkerFromRabbit.csproj", "{852E7B3B-3244-4366-9BD6-D73806A543AC}"
EndProject
Global
	GlobalSection(SolutionConfigurationPlatforms) = preSolution
		Debug|Any CPU = Debug|Any CPU
		Release|Any CPU = Release|Any CPU
	EndGlobalSection
	GlobalSection(ProjectConfigurationPlatforms) = postSolution
		{852E7B3B-3244-4366-9BD6-D73806A543AC}.Debug|Any CPU.ActiveCfg = Debug|Any CPU
		{852E7B3B-3244-4366-9BD6-D73806A543AC}.Debug|Any CPU.Build.0 = Debug|Any CPU
		{852E7B3B-3244-4366-9BD6-D73806A543AC}.Release|Any CPU.ActiveCfg = Release|Any CPU
		{852E7B3B-3244-4366-9BD6-D73806A543AC}.Release|Any CPU.Build.0 = Release|Any CPU
	EndGlobalSection
	GlobalSection(SolutionProperties) = preSolution
		HideSolutionNode = FALSE
	EndGlobalSection
	GlobalSection(ExtensibilityGlobals) = postSolution
		SolutionGuid = {BEAF1505-18F0-4F7D-9CA3-1CAF1FE8A331}
	EndGlobalSection
EndGlobal
