
Microsoft Visual Studio Solution File, Format Version 12.00
# Visual Studio Version 17
VisualStudioVersion = 17.14.36310.24 d17.14
MinimumVisualStudioVersion = 10.0.40219.1
Project("{FAE04EC0-301F-11D3-BF4B-00C04F79EFBC}") = "TelemetriProX_API", "TelemetriProX_API\TelemetriProX_API.csproj", "{B5132797-CE2B-406E-96D1-C6AE20E43D04}"
EndProject
Global
	GlobalSection(SolutionConfigurationPlatforms) = preSolution
		Debug|Any CPU = Debug|Any CPU
		Release|Any CPU = Release|Any CPU
	EndGlobalSection
	GlobalSection(ProjectConfigurationPlatforms) = postSolution
		{B5132797-CE2B-406E-96D1-C6AE20E43D04}.Debug|Any CPU.ActiveCfg = Debug|Any CPU
		{B5132797-CE2B-406E-96D1-C6AE20E43D04}.Debug|Any CPU.Build.0 = Debug|Any CPU
		{B5132797-CE2B-406E-96D1-C6AE20E43D04}.Release|Any CPU.ActiveCfg = Release|Any CPU
		{B5132797-CE2B-406E-96D1-C6AE20E43D04}.Release|Any CPU.Build.0 = Release|Any CPU
	EndGlobalSection
	GlobalSection(SolutionProperties) = preSolution
		HideSolutionNode = FALSE
	EndGlobalSection
	GlobalSection(ExtensibilityGlobals) = postSolution
		SolutionGuid = {F430C605-E843-41F0-9CF4-12A2365F4ACD}
	EndGlobalSection
EndGlobal
